{
  "name": "my-computer",
  "version": "0.1.0",
  "lockfileVersion": 3,
  "requires": true,
  "packages": {
    "": {
      "name": "my-computer",
      "version": "0.1.0",
      "license": "MIT",
      "bin": {
        "my-computer": "src/cli/mc.js"
      },
      "engines": {
        "node": ">=20"
      }
    }
  }
}
